
Microsoft Visual Studio Solution File, Format Version 12.00
# Visual Studio Version 17
VisualStudioVersion = 17.14.37502.11
MinimumVisualStudioVersion = 10.0.40219.1
Project("{FAE04EC0-301F-11D3-BF4B-00C04F79EFBC}") = "AuthServer", "AuthServer\AuthServer.csproj", "{4395C08E-843F-4596-8ECB-4A1838C63724}"
EndProject
Project("{FAE04EC0-301F-11D3-BF4B-00C04F79EFBC}") = "AuthServer.Domain", "AuthServer.Domain\AuthServer.Domain.csproj", "{546AD66C-409B-4B6D-960F-ACD828635919}"
EndProject
Project("{FAE04EC0-301F-11D3-BF4B-00C04F79EFBC}") = "AuthServer.Application", "AuthServer.Application\AuthServer.Application.csproj", "{D198EEF0-F633-46CD-88CA-73F33D1D5C93}"
EndProject
Global
	GlobalSection(SolutionConfigurationPlatforms) = preSolution
		Debug|Any CPU = Debug|Any CPU
		Release|Any CPU = Release|Any CPU
	EndGlobalSection
	GlobalSection(ProjectConfigurationPlatforms) = postSolution
		{4395C08E-843F-4596-8ECB-4A1838C63724}.Debug|Any CPU.ActiveCfg = Debug|Any CPU
		{4395C08E-843F-4596-8ECB-4A1838C63724}.Debug|Any CPU.Build.0 = Debug|Any CPU
		{4395C08E-843F-4596-8ECB-4A1838C63724}.Release|Any CPU.ActiveCfg = Release|Any CPU
		{4395C08E-843F-4596-8ECB-4A1838C63724}.Release|Any CPU.Build.0 = Release|Any CPU
		{546AD66C-409B-4B6D-960F-ACD828635919}.Debug|Any CPU.ActiveCfg = Debug|Any CPU
		{546AD66C-409B-4B6D-960F-ACD828635919}.Debug|Any CPU.Build.0 = Debug|Any CPU
		{546AD66C-409B-4B6D-960F-ACD828635919}.Release|Any CPU.ActiveCfg = Release|Any CPU
		{546AD66C-409B-4B6D-960F-ACD828635919}.Release|Any CPU.Build.0 = Release|Any CPU
		{D198EEF0-F633-46CD-88CA-73F33D1D5C93}.Debug|Any CPU.ActiveCfg = Debug|Any CPU
		{D198EEF0-F633-46CD-88CA-73F33D1D5C93}.Debug|Any CPU.Build.0 = Debug|Any CPU
		{D198EEF0-F633-46CD-88CA-73F33D1D5C93}.Release|Any CPU.ActiveCfg = Release|Any CPU
		{D198EEF0-F633-46CD-88CA-73F33D1D5C93}.Release|Any CPU.Build.0 = Release|Any CPU
	EndGlobalSection
	GlobalSection(SolutionProperties) = preSolution
		HideSolutionNode = FALSE
	EndGlobalSection
	GlobalSection(ExtensibilityGlobals) = postSolution
		SolutionGuid = {F2DD63D7-8136-49C4-ACDB-F8FE0B8E59B6}
	EndGlobalSection
EndGlobal
